// !$*UTF8*$!
{
	archiveVersion = 1;
	classes = {
	};
	objectVersion = 56;
	objects = {

/* Begin PBXBuildFile section */
		7B1BDEE02975DD1900450436 /* PhotoSearchApp.swift in Sources */ = {isa = PBXBuildFile; fileRef = 7B1BDEDF2975DD1900450436 /* PhotoSearchApp.swift */; };
		7B1BDEE22975DD1900450436 /* ContentView.swift in Sources */ = {isa = PBXBuildFile; fileRef = 7B1BDEE12975DD1900450436 /* ContentView.swift */; };
		7B1BDEE42975DD1B00450436 /* Assets.xcassets in Resources */ = {isa = PBXBuildFile; fileRef = 7B1BDEE32975DD1B00450436 /* Assets.xcassets */; };
		7B1BDEE72975DD1C00450436 /* Preview Assets.xcassets in Resources */ = {isa = PBXBuildFile; fileRef = 7B1BDEE62975DD1C00450436 /* Preview Assets.xcassets */; };
		7B1BDEE92975DD1C00450436 /* Persistence.swift in Sources */ = {isa = PBXBuildFile; fileRef = 7B1BDEE82975DD1C00450436 /* Persistence.swift */; };
		7B1BDEEC2975DD1C00450436 /* PhotoSearch.xcdatamodeld in Sources */ = {isa = PBXBuildFile; fileRef = 7B1BDEEA2975DD1C00450436 /* PhotoSearch.xcdatamodeld */; };
		7B1BDEF62975DD1C00450436 /* PhotoSearchTests.swift in Sources */ = {isa = PBXBuildFile; fileRef = 7B1BDEF52975DD1C00450436 /* PhotoSearchTests.swift */; };
		7B1BDF002975DD1C00450436 /* PhotoSearchUITests.swift in Sources */ = {isa = PBXBuildFile; fileRef = 7B1BDEFF2975DD1C00450436 /* PhotoSearchUITests.swift */; };
		7B1BDF022975DD1C00450436 /* PhotoSearchUITestsLaunchTests.swift in Sources */ = {isa = PBXBuildFile; fileRef = 7B1BDF012975DD1C00450436 /* PhotoSearchUITestsLaunchTests.swift */; };
/* End PBXBuildFile section */

/* Begin PBXContainerItemProxy section */
		7B1BDEF22975DD1C00450436 /* PBXContainerItemProxy */ = {
			isa = PBXContainerItemProxy;
			containerPortal = 7B1BDED42975DD1900450436 /* Project object */;
			proxyType = 1;
			remoteGlobalIDString = 7B1BDEDB2975DD1900450436;
			remoteInfo = PhotoSearch;
		};
		7B1BDEFC2975DD1C00450436 /* PBXContainerItemProxy */ = {
			isa = PBXContainerItemProxy;
			containerPortal = 7B1BDED42975DD1900450436 /* Project object */;
			proxyType = 1;
			remoteGlobalIDString = 7B1BDEDB2975DD1900450436;
			remoteInfo = PhotoSearch;
		};
/* End PBXContainerItemProxy section */

/* Begin PBXFileReference section */
		7B1BDEDC2975DD1900450436 /* PhotoSearch.app */ = {isa = PBXFileReference; explicitFileType = wrapper.application; includeInIndex = 0; path = PhotoSearch.app; sourceTree = BUILT_PRODUCTS_DIR; };
		7B1BDEDF2975DD1900450436 /* PhotoSearchApp.swift */ = {isa = PBXFileReference; lastKnownFileType = sourcecode.swift; path = PhotoSearchApp.swift; sourceTree = "<group>"; };
		7B1BDEE12975DD1900450436 /* ContentView.swift */ = {isa = PBXFileReference; lastKnownFileType = sourcecode.swift; path = ContentView.swift; sourceTree = "<group>"; };
		7B1BDEE32975DD1B00450436 /* Assets.xcassets */ = {isa = PBXFileReference; lastKnownFileType = folder.assetcatalog; path = Assets.xcassets; sourceTree = "<group>"; };
		7B1BDEE62975DD1C00450436 /* Preview Assets.xcassets */ = {isa = PBXFileReference; lastKnownFileType = folder.assetcatalog; path = "Preview Assets.xcassets"; sourceTree = "<group>"; };
		7B1BDEE82975DD1C00450436 /* Persistence.swift */ = {isa = PBXFileReference; lastKnownFileType = sourcecode.swift; path = Persistence.swift; sourceTree = "<group>"; };
		7B1BDEEB2975DD1C00450436 /* PhotoSearch.xcdatamodel */ = {isa = PBXFileReference; lastKnownFileType = wrapper.xcdatamodel; path = PhotoSearch.xcdatamodel; sourceTree = "<group>"; };
		7B1BDEF12975DD1C00450436 /* PhotoSearchTests.xctest */ = {isa = PBXFileReference; explicitFileType = wrapper.cfbundle; includeInIndex = 0; path = PhotoSearchTests.xctest; sourceTree = BUILT_PRODUCTS_DIR; };
		7B1BDEF52975DD1C00450436 /* PhotoSearchTests.swift */ = {isa = PBXFileReference; lastKnownFileType = sourcecode.swift; path = PhotoSearchTests.swift; sourceTree = "<group>"; };
		7B1BDEFB2975DD1C00450436 /* PhotoSearchUITests.xctest */ = {isa = PBXFileReference; explicitFileType = wrapper.cfbundle; includeInIndex = 0; path = PhotoSearchUITests.xctest; sourceTree = BUILT_PRODUCTS_DIR; };
		7B1BDEFF2975DD1C00450436 /* PhotoSearchUITests.swift */ = {isa = PBXFileReference; lastKnownFileType = sourcecode.swift; path = PhotoSearchUITests.swift; sourceTree = "<group>"; };
		7B1BDF012975DD1C00450436 /* PhotoSearchUITestsLaunchTests.swift */ = {isa = PBXFileReference; lastKnownFileType = sourcecode.swift; path = PhotoSearchUITestsLaunchTests.swift; sourceTree = "<group>"; };
/* End PBXFileReference section */

/* Begin PBXFrameworksBuildPhase section */
		7B1BDED92975DD1900450436 /* Frameworks */ = {
			isa = PBXFrameworksBuildPhase;
			buildActionMask = 2147483647;
			files = (
			);
			runOnlyForDeploymentPostprocessing = 0;
		};
		7B1BDEEE2975DD1C00450436 /* Frameworks */ = {
			isa = PBXFrameworksBuildPhase;
			buildActionMask = 2147483647;
			files = (
			);
			runOnlyForDeploymentPostprocessing = 0;
		};
		7B1BDEF82975DD1C00450436 /* Frameworks */ = {
			isa = PBXFrameworksBuildPhase;
			buildActionMask = 2147483647;
			files = (
			);
			runOnlyForDeploymentPostprocessing = 0;
		};
/* End PBXFrameworksBuildPhase section */

/* Begin PBXGroup section */
		7B1BDED32975DD1900450436 = {
			isa = PBXGroup;
			children = (
				7B1BDEDE2975DD1900450436 /* PhotoSearch */,
				7B1BDEF42975DD1C00450436 /* PhotoSearchTests */,
				7B1BDEFE2975DD1C00450436 /* PhotoSearchUITests */,
				7B1BDEDD2975DD1900450436 /* Products */,
			);
			sourceTree = "<group>";
		};
		7B1BDEDD2975DD1900450436 /* Products */ = {
			isa = PBXGroup;
			children = (
				7B1BDEDC2975DD1900450436 /* PhotoSearch.app */,
				7B1BDEF12975DD1C00450436 /* PhotoSearchTests.xctest */,
				7B1BDEFB2975DD1C00450436 /* PhotoSearchUITests.xctest */,
			);
			name = Products;
			sourceTree = "<group>";
		};
		7B1BDEDE2975DD1900450436 /* PhotoSearch */ = {
			isa = PBXGroup;
			children = (
				7B1BDEDF2975DD1900450436 /* PhotoSearchApp.swift */,
				7B1BDEE12975DD1900450436 /* ContentView.swift */,
				7B1BDEE32975DD1B00450436 /* Assets.xcassets */,
				7B1BDEE82975DD1C00450436 /* Persistence.swift */,
				7B1BDEEA2975DD1C00450436 /* PhotoSearch.xcdatamodeld */,
				7B1BDEE52975DD1C00450436 /* Preview Content */,
			);
			path = PhotoSearch;
			sourceTree = "<group>";
		};
		7B1BDEE52975DD1C00450436 /* Preview Content */ = {
			isa = PBXGroup;
			children = (
				7B1BDEE62975DD1C00450436 /* Preview Assets.xcassets */,
			);
			path = "Preview Content";
			sourceTree = "<group>";
		};
		7B1BDEF42975DD1C00450436 /* PhotoSearchTests */ = {
			isa = PBXGroup;
			children = (
				7B1BDEF52975DD1C00450436 /* PhotoSearchTests.swift */,
			);
			path = PhotoSearchTests;
			sourceTree = "<group>";
		};
		7B1BDEFE2975DD1C00450436 /* PhotoSearchUITests */ = {
			isa = PBXGroup;
			children = (
				7B1BDEFF2975DD1C00450436 /* PhotoSearchUITests.swift */,
				7B1BDF012975DD1C00450436 /* PhotoSearchUITestsLaunchTests.swift */,
			);
			path = PhotoSearchUITests;
			sourceTree = "<group>";
		};
/* End PBXGroup section */

/* Begin PBXNativeTarget section */
		7B1BDEDB2975DD1900450436 /* PhotoSearch */ = {
			isa = PBXNativeTarget;
			buildConfigurationList = 7B1BDF052975DD1C00450436 /* Build configuration list for PBXNativeTarget "PhotoSearch" */;
			buildPhases = (
				7B1BDED82975DD1900450436 /* Sources */,
				7B1BDED92975DD1900450436 /* Frameworks */,
				7B1BDEDA2975DD1900450436 /* Resources */,
			);
			buildRules = (
			);
			dependencies = (
			);
			name = PhotoSearch;
			productName = PhotoSearch;
			productReference = 7B1BDEDC2975DD1900450436 /* PhotoSearch.app */;
			productType = "com.apple.product-type.application";
		};
		7B1BDEF02975DD1C00450436 /* PhotoSearchTests */ = {
			isa = PBXNativeTarget;
			buildConfigurationList = 7B1BDF082975DD1C00450436 /* Build configuration list for PBXNativeTarget "PhotoSearchTests" */;
			buildPhases = (
				7B1BDEED2975DD1C00450436 /* Sources */,
				7B1BDEEE2975DD1C00450436 /* Frameworks */,
				7B1BDEEF2975DD1C00450436 /* Resources */,
			);
			buildRules = (
			);
			dependencies = (
				7B1BDEF32975DD1C00450436 /* PBXTargetDependency */,
			);
			name = PhotoSearchTests;
			productName = PhotoSearchTests;
			productReference = 7B1BDEF12975DD1C00450436 /* PhotoSearchTests.xctest */;
			productType = "com.apple.product-type.bundle.unit-test";
		};
		7B1BDEFA2975DD1C00450436 /* PhotoSearchUITests */ = {
			isa = PBXNativeTarget;
			buildConfigurationList = 7B1BDF0B2975DD1C00450436 /* Build configuration list for PBXNativeTarget "PhotoSearchUITests" */;
			buildPhases = (
				7B1BDEF72975DD1C00450436 /* Sources */,
				7B1BDEF82975DD1C00450436 /* Frameworks */,
				7B1BDEF92975DD1C00450436 /* Resources */,
			);
			buildRules = (
			);
			dependencies = (
				7B1BDEFD2975DD1C00450436 /* PBXTargetDependency */,
			);
			name = PhotoSearchUITests;
			productName = PhotoSearchUITests;
			productReference = 7B1BDEFB2975DD1C00450436 /* PhotoSearchUITests.xctest */;
			productType = "com.apple.product-type.bundle.ui-testing";
		};
/* End PBXNativeTarget section */

/* Begin PBXProject section */
		7B1BDED42975DD1900450436 /* Project object */ = {
			isa = PBXProject;
			attributes = {
				BuildIndependentTargetsInParallel = 1;
				LastSwiftUpdateCheck = 1420;
				LastUpgradeCheck = 1420;
				TargetAttributes = {
					7B1BDEDB2975DD1900450436 = {
						CreatedOnToolsVersion = 14.2;
					};
					7B1BDEF02975DD1C00450436 = {
						CreatedOnToolsVersion = 14.2;
						TestTargetID = 7B1BDEDB2975DD1900450436;
					};
					7B1BDEFA2975DD1C00450436 = {
						CreatedOnToolsVersion = 14.2;
						TestTargetID = 7B1BDEDB2975DD1900450436;
					};
				};
			};
			buildConfigurationList = 7B1BDED72975DD1900450436 /* Build configuration list for PBXProject "PhotoSearch" */;
			compatibilityVersion = "Xcode 14.0";
			developmentRegion = en;
			hasScannedForEncodings = 0;
			knownRegions = (
				en,
				Base,
			);
			mainGroup = 7B1BDED32975DD1900450436;
			productRefGroup = 7B1BDEDD2975DD1900450436 /* Products */;
			projectDirPath = "";
			projectRoot = "";
			targets = (
				7B1BDEDB2975DD1900450436 /* PhotoSearch */,
				7B1BDEF02975DD1C00450436 /* PhotoSearchTests */,
				7B1BDEFA2975DD1C00450436 /* PhotoSearchUITests */,
			);
		};
/* End PBXProject section */

/* Begin PBXResourcesBuildPhase section */
		7B1BDEDA2975DD1900450436 /* Resources */ = {
			isa = PBXResourcesBuildPhase;
			buildActionMask = 2147483647;
			files = (
				7B1BDEE72975DD1C00450436 /* Preview Assets.xcassets in Resources */,
				7B1BDEE42975DD1B00450436 /* Assets.xcassets in Resources */,
			);
			runOnlyForDeploymentPostprocessing = 0;
		};
		7B1BDEEF2975DD1C00450436 /* Resources */ = {
			isa = PBXResourcesBuildPhase;
			buildActionMask = 2147483647;
			files = (
			);
			runOnlyForDeploymentPostprocessing = 0;
		};
		7B1BDEF92975DD1C00450436 /* Resources */ = {
			isa = PBXResourcesBuildPhase;
			buildActionMask = 2147483647;
			files = (
			);
			runOnlyForDeploymentPostprocessing = 0;
		};
/* End PBXResourcesBuildPhase section */

/* Begin PBXSourcesBuildPhase section */
		7B1BDED82975DD1900450436 /* Sources */ = {
			isa = PBXSourcesBuildPhase;
			buildActionMask = 2147483647;
			files = (
				7B1BDEEC2975DD1C00450436 /* PhotoSearch.xcdatamodeld in Sources */,
				7B1BDEE92975DD1C00450436 /* Persistence.swift in Sources */,
				7B1BDEE22975DD1900450436 /* ContentView.swift in Sources */,
				7B1BDEE02975DD1900450436 /* PhotoSearchApp.swift in Sources */,
			);
			runOnlyForDeploymentPostprocessing = 0;
		};
		7B1BDEED2975DD1C00450436 /* Sources */ = {
			isa = PBXSourcesBuildPhase;
			buildActionMask = 2147483647;
			files = (
				7B1BDEF62975DD1C00450436 /* PhotoSearchTests.swift in Sources */,
			);
			runOnlyForDeploymentPostprocessing = 0;
		};
		7B1BDEF72975DD1C00450436 /* Sources */ = {
			isa = PBXSourcesBuildPhase;
			buildActionMask = 2147483647;
			files = (
				7B1BDF002975DD1C00450436 /* PhotoSearchUITests.swift in Sources */,
				7B1BDF022975DD1C00450436 /* PhotoSearchUITestsLaunchTests.swift in Sources */,
			);
			runOnlyForDeploymentPostprocessing = 0;
		};
/* End PBXSourcesBuildPhase section */

/* Begin PBXTargetDependency section */
		7B1BDEF32975DD1C00450436 /* PBXTargetDependency */ = {
			isa = PBXTargetDependency;
			target = 7B1BDEDB2975DD1900450436 /* PhotoSearch */;
			targetProxy = 7B1BDEF22975DD1C00450436 /* PBXContainerItemProxy */;
		};
		7B1BDEFD2975DD1C00450436 /* PBXTargetDependency */ = {
			isa = PBXTargetDependency;
			target = 7B1BDEDB2975DD1900450436 /* PhotoSearch */;
			targetProxy = 7B1BDEFC2975DD1C00450436 /* PBXContainerItemProxy */;
		};
/* End PBXTargetDependency section */

/* Begin XCBuildConfiguration section */
		7B1BDF032975DD1C00450436 /* Debug */ = {
			isa = XCBuildConfiguration;
			buildSettings = {
				ALWAYS_SEARCH_USER_PATHS = NO;
				CLANG_ANALYZER_NONNULL = YES;
				CLANG_ANALYZER_NUMBER_OBJECT_CONVERSION = YES_AGGRESSIVE;
				CLANG_CXX_LANGUAGE_STANDARD = "gnu++20";
				CLANG_ENABLE_MODULES = YES;
				CLANG_ENABLE_OBJC_ARC = YES;
				CLANG_ENABLE_OBJC_WEAK = YES;
				CLANG_WARN_BLOCK_CAPTURE_AUTORELEASING = YES;
				CLANG_WARN_BOOL_CONVERSION = YES;
				CLANG_WARN_COMMA = YES;
				CLANG_WARN_CONSTANT_CONVERSION = YES;
				CLANG_WARN_DEPRECATED_OBJC_IMPLEMENTATIONS = YES;
				CLANG_WARN_DIRECT_OBJC_ISA_USAGE = YES_ERROR;
				CLANG_WARN_DOCUMENTATION_COMMENTS = YES;
				CLANG_WARN_EMPTY_BODY = YES;
				CLANG_WARN_ENUM_CONVERSION = YES;
				CLANG_WARN_INFINITE_RECURSION = YES;
				CLANG_WARN_INT_CONVERSION = YES;
				CLANG_WARN_NON_LITERAL_NULL_CONVERSION = YES;
				CLANG_WARN_OBJC_IMPLICIT_RETAIN_SELF = YES;
				CLANG_WARN_OBJC_LITERAL_CONVERSION = YES;
				CLANG_WARN_OBJC_ROOT_CLASS = YES_ERROR;
				CLANG_WARN_QUOTED_INCLUDE_IN_FRAMEWORK_HEADER = YES;
				CLANG_WARN_RANGE_LOOP_ANALYSIS = YES;
				CLANG_WARN_STRICT_PROTOTYPES = YES;
				CLANG_WARN_SUSPICIOUS_MOVE = YES;
				CLANG_WARN_UNGUARDED_AVAILABILITY = YES_AGGRESSIVE;
				CLANG_WARN_UNREACHABLE_CODE = YES;
				CLANG_WARN__DUPLICATE_METHOD_MATCH = YES;
				COPY_PHASE_STRIP = NO;
				DEBUG_INFORMATION_FORMAT = dwarf;
				ENABLE_STRICT_OBJC_MSGSEND = YES;
				ENABLE_TESTABILITY = YES;
				GCC_C_LANGUAGE_STANDARD = gnu11;
				GCC_DYNAMIC_NO_PIC = NO;
				GCC_NO_COMMON_BLOCKS = YES;
				GCC_OPTIMIZATION_LEVEL = 0;
				GCC_PREPROCESSOR_DEFINITIONS = (
					"DEBUG=1",
					"$(inherited)",
				);
				GCC_WARN_64_TO_32_BIT_CONVERSION = YES;
				GCC_WARN_ABOUT_RETURN_TYPE = YES_ERROR;
				GCC_WARN_UNDECLARED_SELECTOR = YES;
				GCC_WARN_UNINITIALIZED_AUTOS = YES_AGGRESSIVE;
				GCC_WARN_UNUSED_FUNCTION = YES;
				GCC_WARN_UNUSED_VARIABLE = YES;
				IPHONEOS_DEPLOYMENT_TARGET = 16.2;
				MTL_ENABLE_DEBUG_INFO = INCLUDE_SOURCE;
				MTL_FAST_MATH = YES;
				ONLY_ACTIVE_ARCH = YES;
				SDKROOT = iphoneos;
				SWIFT_ACTIVE_COMPILATION_CONDITIONS = DEBUG;
				SWIFT_OPTIMIZATION_LEVEL = "-Onone";
			};
			name = Debug;
		};
		7B1BDF042975DD1C00450436 /* Release */ = {
			isa = XCBuildConfiguration;
			buildSettings = {
				ALWAYS_SEARCH_USER_PATHS = NO;
				CLANG_ANALYZER_NONNULL = YES;
				CLANG_ANALYZER_NUMBER_OBJECT_CONVERSION = YES_AGGRESSIVE;
				CLANG_CXX_LANGUAGE_STANDARD = "gnu++20";
				CLANG_ENABLE_MODULES = YES;
				CLANG_ENABLE_OBJC_ARC = YES;
				CLANG_ENABLE_OBJC_WEAK = YES;
				CLANG_WARN_BLOCK_CAPTURE_AUTORELEASING = YES;
				CLANG_WARN_BOOL_CONVERSION = YES;
				CLANG_WARN_COMMA = YES;
				CLANG_WARN_CONSTANT_CONVERSION = YES;
				CLANG_WARN_DEPRECATED_OBJC_IMPLEMENTATIONS = YES;
				CLANG_WARN_DIRECT_OBJC_ISA_USAGE = YES_ERROR;
				CLANG_WARN_DOCUMENTATION_COMMENTS = YES;
				CLANG_WARN_EMPTY_BODY = YES;
				CLANG_WARN_ENUM_CONVERSION = YES;
				CLANG_WARN_INFINITE_RECURSION = YES;
				CLANG_WARN_INT_CONVERSION = YES;
				CLANG_WARN_NON_LITERAL_NULL_CONVERSION = YES;
				CLANG_WARN_OBJC_IMPLICIT_RETAIN_SELF = YES;
				CLANG_WARN_OBJC_LITERAL_CONVERSION = YES;
				CLANG_WARN_OBJC_ROOT_CLASS = YES_ERROR;
				CLANG_WARN_QUOTED_INCLUDE_IN_FRAMEWORK_HEADER = YES;
				CLANG_WARN_RANGE_LOOP_ANALYSIS = YES;
				CLANG_WARN_STRICT_PROTOTYPES = YES;
				CLANG_WARN_SUSPICIOUS_MOVE = YES;
				CLANG_WARN_UNGUARDED_AVAILABILITY = YES_AGGRESSIVE;
				CLANG_WARN_UNREACHABLE_CODE = YES;
				CLANG_WARN__DUPLICATE_METHOD_MATCH = YES;
				COPY_PHASE_STRIP = NO;
				DEBUG_INFORMATION_FORMAT = "dwarf-with-dsym";
				ENABLE_NS_ASSERTIONS = NO;
				ENABLE_STRICT_OBJC_MSGSEND = YES;
				GCC_C_LANGUAGE_STANDARD = gnu11;
				GCC_NO_COMMON_BLOCKS = YES;
				GCC_WARN_64_TO_32_BIT_CONVERSION = YES;
				GCC_WARN_ABOUT_RETURN_TYPE = YES_ERROR;
				GCC_WARN_UNDECLARED_SELECTOR = YES;
				GCC_WARN_UNINITIALIZED_AUTOS = YES_AGGRESSIVE;
				GCC_WARN_UNUSED_FUNCTION = YES;
				GCC_WARN_UNUSED_VARIABLE = YES;
				IPHONEOS_DEPLOYMENT_TARGET = 16.2;
				MTL_ENABLE_DEBUG_INFO = NO;
				MTL_FAST_MATH = YES;
				SDKROOT = iphoneos;
				SWIFT_COMPILATION_MODE = wholemodule;
				SWIFT_OPTIMIZATION_LEVEL = "-O";
				VALIDATE_PRODUCT = YES;
			};
			name = Release;
		};
		7B1BDF062975DD1C00450436 /* Debug */ = {
			isa = XCBuildConfiguration;
			buildSettings = {
				ASSETCATALOG_COMPILER_APPICON_NAME = AppIcon;
				ASSETCATALOG_COMPILER_GLOBAL_ACCENT_COLOR_NAME = AccentColor;
				CODE_SIGN_STYLE = Automatic;
				CURRENT_PROJECT_VERSION = 1;
				DEVELOPMENT_ASSET_PATHS = "\"PhotoSearch/Preview Content\"";
				DEVELOPMENT_TEAM = XRR5P3RD3X;
				ENABLE_PREVIEWS = YES;
				GENERATE_INFOPLIST_FILE = YES;
				INFOPLIST_KEY_UIApplicationSceneManifest_Generation = YES;
				INFOPLIST_KEY_UIApplicationSupportsIndirectInputEvents = YES;
				INFOPLIST_KEY_UILaunchScreen_Generation = YES;
				INFOPLIST_KEY_UISupportedInterfaceOrientations_iPad = "UIInterfaceOrientationPortrait UIInterfaceOrientationPortraitUpsideDown UIInterfaceOrientationLandscapeLeft UIInterfaceOrientationLandscapeRight";
				INFOPLIST_KEY_UISupportedInterfaceOrientations_iPhone = "UIInterfaceOrientationPortrait UIInterfaceOrientationLandscapeLeft UIInterfaceOrientationLandscapeRight";
				LD_RUNPATH_SEARCH_PATHS = (
					"$(inherited)",
					"@executable_path/Frameworks",
				);
				MARKETING_VERSION = 1.0;
				PRODUCT_BUNDLE_IDENTIFIER = abdullahkaraboga.PhotoSearch;
				PRODUCT_NAME = "$(TARGET_NAME)";
				SWIFT_EMIT_LOC_STRINGS = YES;
				SWIFT_VERSION = 5.0;
				TARGETED_DEVICE_FAMILY = "1,2";
			};
			name = Debug;
		};
		7B1BDF072975DD1C00450436 /* Release */ = {
			isa = XCBuildConfiguration;
			buildSettings = {
				ASSETCATALOG_COMPILER_APPICON_NAME = AppIcon;
				ASSETCATALOG_COMPILER_GLOBAL_ACCENT_COLOR_NAME = AccentColor;
				CODE_SIGN_STYLE = Automatic;
				CURRENT_PROJECT_VERSION = 1;
				DEVELOPMENT_ASSET_PATHS = "\"PhotoSearch/Preview Content\"";
				DEVELOPMENT_TEAM = XRR5P3RD3X;
				ENABLE_PREVIEWS = YES;
				GENERATE_INFOPLIST_FILE = YES;
				INFOPLIST_KEY_UIApplicationSceneManifest_Generation = YES;
				INFOPLIST_KEY_UIApplicationSupportsIndirectInputEvents = YES;
				INFOPLIST_KEY_UILaunchScreen_Generation = YES;
				INFOPLIST_KEY_UISupportedInterfaceOrientations_iPad = "UIInterfaceOrientationPortrait UIInterfaceOrientationPortraitUpsideDown UIInterfaceOrientationLandscapeLeft UIInterfaceOrientationLandscapeRight";
				INFOPLIST_KEY_UISupportedInterfaceOrientations_iPhone = "UIInterfaceOrientationPortrait UIInterfaceOrientationLandscapeLeft UIInterfaceOrientationLandscapeRight";
				LD_RUNPATH_SEARCH_PATHS = (
					"$(inherited)",
					"@executable_path/Frameworks",
				);
				MARKETING_VERSION = 1.0;
				PRODUCT_BUNDLE_IDENTIFIER = abdullahkaraboga.PhotoSearch;
				PRODUCT_NAME = "$(TARGET_NAME)";
				SWIFT_EMIT_LOC_STRINGS = YES;
				SWIFT_VERSION = 5.0;
				TARGETED_DEVICE_FAMILY = "1,2";
			};
			name = Release;
		};
		7B1BDF092975DD1C00450436 /* Debug */ = {
			isa = XCBuildConfiguration;
			buildSettings = {
				ALWAYS_EMBED_SWIFT_STANDARD_LIBRARIES = YES;
				BUNDLE_LOADER = "$(TEST_HOST)";
				CODE_SIGN_STYLE = Automatic;
				CURRENT_PROJECT_VERSION = 1;
				DEVELOPMENT_TEAM = XRR5P3RD3X;
				GENERATE_INFOPLIST_FILE = YES;
				IPHONEOS_DEPLOYMENT_TARGET = 16.2;
				MARKETING_VERSION = 1.0;
				PRODUCT_BUNDLE_IDENTIFIER = abdullahkaraboga.PhotoSearchTests;
				PRODUCT_NAME = "$(TARGET_NAME)";
				SWIFT_EMIT_LOC_STRINGS = NO;
				SWIFT_VERSION = 5.0;
				TARGETED_DEVICE_FAMILY = "1,2";
				TEST_HOST = "$(BUILT_PRODUCTS_DIR)/PhotoSearch.app/$(BUNDLE_EXECUTABLE_FOLDER_PATH)/PhotoSearch";
			};
			name = Debug;
		};
		7B1BDF0A2975DD1C00450436 /* Release */ = {
			isa = XCBuildConfiguration;
			buildSettings = {
				ALWAYS_EMBED_SWIFT_STANDARD_LIBRARIES = YES;
				BUNDLE_LOADER = "$(TEST_HOST)";
				CODE_SIGN_STYLE = Automatic;
				CURRENT_PROJECT_VERSION = 1;
				DEVELOPMENT_TEAM = XRR5P3RD3X;
				GENERATE_INFOPLIST_FILE = YES;
				IPHONEOS_DEPLOYMENT_TARGET = 16.2;
				MARKETING_VERSION = 1.0;
				PRODUCT_BUNDLE_IDENTIFIER = abdullahkaraboga.PhotoSearchTests;
				PRODUCT_NAME = "$(TARGET_NAME)";
				SWIFT_EMIT_LOC_STRINGS = NO;
				SWIFT_VERSION = 5.0;
				TARGETED_DEVICE_FAMILY = "1,2";
				TEST_HOST = "$(BUILT_PRODUCTS_DIR)/PhotoSearch.app/$(BUNDLE_EXECUTABLE_FOLDER_PATH)/PhotoSearch";
			};
			name = Release;
		};
		7B1BDF0C2975DD1C00450436 /* Debug */ = {
			isa = XCBuildConfiguration;
			buildSettings = {
				ALWAYS_EMBED_SWIFT_STANDARD_LIBRARIES = YES;
				CODE_SIGN_STYLE = Automatic;
				CURRENT_PROJECT_VERSION = 1;
				DEVELOPMENT_TEAM = XRR5P3RD3X;
				GENERATE_INFOPLIST_FILE = YES;
				MARKETING_VERSION = 1.0;
				PRODUCT_BUNDLE_IDENTIFIER = abdullahkaraboga.PhotoSearchUITests;
				PRODUCT_NAME = "$(TARGET_NAME)";
				SWIFT_EMIT_LOC_STRINGS = NO;
				SWIFT_VERSION = 5.0;
				TARGETED_DEVICE_FAMILY = "1,2";
				TEST_TARGET_NAME = PhotoSearch;
			};
			name = Debug;
		};
		7B1BDF0D2975DD1C00450436 /* Release */ = {
			isa = XCBuildConfiguration;
			buildSettings = {
				ALWAYS_EMBED_SWIFT_STANDARD_LIBRARIES = YES;
				CODE_SIGN_STYLE = Automatic;
				CURRENT_PROJECT_VERSION = 1;
				DEVELOPMENT_TEAM = XRR5P3RD3X;
				GENERATE_INFOPLIST_FILE = YES;
				MARKETING_VERSION = 1.0;
				PRODUCT_BUNDLE_IDENTIFIER = abdullahkaraboga.PhotoSearchUITests;
				PRODUCT_NAME = "$(TARGET_NAME)";
				SWIFT_EMIT_LOC_STRINGS = NO;
				SWIFT_VERSION = 5.0;
				TARGETED_DEVICE_FAMILY = "1,2";
				TEST_TARGET_NAME = PhotoSearch;
			};
			name = Release;
		};
/* End XCBuildConfiguration section */

/* Begin XCConfigurationList section */
		7B1BDED72975DD1900450436 /* Build configuration list for PBXProject "PhotoSearch" */ = {
			isa = XCConfigurationList;
			buildConfigurations = (
				7B1BDF032975DD1C00450436 /* Debug */,
				7B1BDF042975DD1C00450436 /* Release */,
			);
			defaultConfigurationIsVisible = 0;
			defaultConfigurationName = Release;
		};
		7B1BDF052975DD1C00450436 /* Build configuration list for PBXNativeTarget "PhotoSearch" */ = {
			isa = XCConfigurationList;
			buildConfigurations = (
				7B1BDF062975DD1C00450436 /* Debug */,
				7B1BDF072975DD1C00450436 /* Release */,
			);
			defaultConfigurationIsVisible = 0;
			defaultConfigurationName = Release;
		};
		7B1BDF082975DD1C00450436 /* Build configuration list for PBXNativeTarget "PhotoSearchTests" */ = {
			isa = XCConfigurationList;
			buildConfigurations = (
				7B1BDF092975DD1C00450436 /* Debug */,
				7B1BDF0A2975DD1C00450436 /* Release */,
			);
			defaultConfigurationIsVisible = 0;
			defaultConfigurationName = Release;
		};
		7B1BDF0B2975DD1C00450436 /* Build configuration list for PBXNativeTarget "PhotoSearchUITests" */ = {
			isa = XCConfigurationList;
			buildConfigurations = (
				7B1BDF0C2975DD1C00450436 /* Debug */,
				7B1BDF0D2975DD1C00450436 /* Release */,
			);
			defaultConfigurationIsVisible = 0;
			defaultConfigurationName = Release;
		};
/* End XCConfigurationList section */

/* Begin XCVersionGroup section */
		7B1BDEEA2975DD1C00450436 /* PhotoSearch.xcdatamodeld */ = {
			isa = XCVersionGroup;
			children = (
				7B1BDEEB2975DD1C00450436 /* PhotoSearch.xcdatamodel */,
			);
			currentVersion = 7B1BDEEB2975DD1C00450436 /* PhotoSearch.xcdatamodel */;
			path = PhotoSearch.xcdatamodeld;
			sourceTree = "<group>";
			versionGroupType = wrapper.xcdatamodel;
		};
/* End XCVersionGroup section */
	};
	rootObject = 7B1BDED42975DD1900450436 /* Project object */;
}
